
Microsoft Visual Studio Solution File, Format Version 12.00
# Visual Studio Version 17
VisualStudioVersion = 17.0.31903.59
MinimumVisualStudioVersion = 10.0.40219.1
Project("{9A19103F-16F7-4668-BE54-9A1E7A4F7556}") = "BraketsEditor", "BraketsEditor\BraketsEditor.csproj", "{F611F17E-2997-49AC-94CE-EE6888EAE766}"
EndProject
Project("{9A19103F-16F7-4668-BE54-9A1E7A4F7556}") = "Monogame.ImGuiNet", "MonoGame.ImGuiNet\Monogame.ImGuiNet.csproj", "{1CB479D0-FAD6-43C0-98F4-76052309CF01}"
EndProject
Global
	GlobalSection(SolutionConfigurationPlatforms) = preSolution
		Debug|Any CPU = Debug|Any CPU
		Release|Any CPU = Release|Any CPU
	EndGlobalSection
	GlobalSection(ProjectConfigurationPlatforms) = postSolution
		{F611F17E-2997-49AC-94CE-EE6888EAE766}.Debug|Any CPU.ActiveCfg = Debug|Any CPU
		{F611F17E-2997-49AC-94CE-EE6888EAE766}.Debug|Any CPU.Build.0 = Debug|Any CPU
		{F611F17E-2997-49AC-94CE-EE6888EAE766}.Release|Any CPU.ActiveCfg = Release|Any CPU
		{F611F17E-2997-49AC-94CE-EE6888EAE766}.Release|Any CPU.Build.0 = Release|Any CPU
		{1CB479D0-FAD6-43C0-98F4-76052309CF01}.Debug|Any CPU.ActiveCfg = Debug|Any CPU
		{1CB479D0-FAD6-43C0-98F4-76052309CF01}.Debug|Any CPU.Build.0 = Debug|Any CPU
		{1CB479D0-FAD6-43C0-98F4-76052309CF01}.Release|Any CPU.ActiveCfg = Release|Any CPU
		{1CB479D0-FAD6-43C0-98F4-76052309CF01}.Release|Any CPU.Build.0 = Release|Any CPU
	EndGlobalSection
	GlobalSection(SolutionProperties) = preSolution
		HideSolutionNode = FALSE
	EndGlobalSection
	GlobalSection(ExtensibilityGlobals) = postSolution
		SolutionGuid = {90D565B1-653D-45C9-9323-E721A3AA0FB3}
	EndGlobalSection
EndGlobal
